
Microsoft Visual Studio Solution File, Format Version 12.00
# Visual Studio Version 17
VisualStudioVersion = 17.5.33209.295
MinimumVisualStudioVersion = 10.0.40219.1
Project("{9A19103F-16F7-4668-BE54-9A1E7A4F7556}") = "BlazorApp", "BlazorApp.csproj", "{D172E56A-6495-4B1A-BA2C-FF2A44E4A7D0}"
EndProject
Global
	GlobalSection(SolutionConfigurationPlatforms) = preSolution
		Debug|Any CPU = Debug|Any CPU
		Release|Any CPU = Release|Any CPU
	EndGlobalSection
	GlobalSection(ProjectConfigurationPlatforms) = postSolution
		{D172E56A-6495-4B1A-BA2C-FF2A44E4A7D0}.Debug|Any CPU.ActiveCfg = Debug|Any CPU
		{D172E56A-6495-4B1A-BA2C-FF2A44E4A7D0}.Debug|Any CPU.Build.0 = Debug|Any CPU
		{D172E56A-6495-4B1A-BA2C-FF2A44E4A7D0}.Release|Any CPU.ActiveCfg = Release|Any CPU
		{D172E56A-6495-4B1A-BA2C-FF2A44E4A7D0}.Release|Any CPU.Build.0 = Release|Any CPU
	EndGlobalSection
	GlobalSection(SolutionProperties) = preSolution
		HideSolutionNode = FALSE
	EndGlobalSection
	GlobalSection(ExtensibilityGlobals) = postSolution
		SolutionGuid = {CC3427B6-C030-4AAF-8DA0-272EFEA5DBBA}
	EndGlobalSection
EndGlobal
